
Microsoft Visual Studio Solution File, Format Version 12.00
# Visual Studio Version 16
VisualStudioVersion = 16.0.30413.136
MinimumVisualStudioVersion = 10.0.40219.1
Project("{FAE04EC0-301F-11D3-BF4B-00C04F79EFBC}") = "01.Integer_Operations", "01.Integer_Operations\01.Integer_Operations.csproj", "{68BFA6ED-710D-49FF-9281-DC74577A1C6E}"
EndProject
Project("{FAE04EC0-301F-11D3-BF4B-00C04F79EFBC}") = "02.Sum_Digits", "02.Sum_Digits\02.Sum_Digits.csproj", "{0C4FE993-36FE-4CD0-9770-BD46EF2604FF}"
EndProject
Project("{FAE04EC0-301F-11D3-BF4B-00C04F79EFBC}") = "03.Elevator", "03.Elevator\03.Elevator.csproj", "{40BD2A43-8DFF-40E7-8D02-364ABACEDE40}"
EndProject
Project("{FAE04EC0-301F-11D3-BF4B-00C04F79EFBC}") = "04.Sum_Of_Chars", "04.Sum_Of_Chars\04.Sum_Of_Chars.csproj", "{2C604E0A-BB95-432D-9567-349164F6E423}"
EndProject
Project("{FAE04EC0-301F-11D3-BF4B-00C04F79EFBC}") = "05.Print_Part_Of_Ascii_Table", "05.Print_Part_Of_Ascii_Table\05.Print_Part_Of_Ascii_Table.csproj", "{0D4517A1-167A-48FE-8C7B-C7D924D8F0BA}"
EndProject
Project("{FAE04EC0-301F-11D3-BF4B-00C04F79EFBC}") = "06.Triples_Of_Latin_Letters", "06.Triples_Of_Latin_Letters\06.Triples_Of_Latin_Letters.csproj", "{C809CAC2-96D7-4AB6-809E-4166122C57C1}"
EndProject
Project("{FAE04EC0-301F-11D3-BF4B-00C04F79EFBC}") = "07.Water_Overflow", "07.Water_Overflow\07.Water_Overflow.csproj", "{3A4CE057-2DB6-4B65-A60F-229BF091A49C}"
EndProject
Project("{FAE04EC0-301F-11D3-BF4B-00C04F79EFBC}") = "08.Beer_Kegs", "08.Beer_Kegs\08.Beer_Kegs.csproj", "{6A244978-85B9-4A23-BB68-3F1392F1A2A9}"
EndProject
Project("{FAE04EC0-301F-11D3-BF4B-00C04F79EFBC}") = "09.Spice_Must_Flow", "09.Spice_Must_Flow\09.Spice_Must_Flow.csproj", "{71F6F20C-4601-4575-A075-A4C118F6EFE6}"
EndProject
Project("{FAE04EC0-301F-11D3-BF4B-00C04F79EFBC}") = "10.Poke_Mon", "10.Poke_Mon\10.Poke_Mon.csproj", "{9778BAAF-C3B2-4C28-A40B-3E408B5C5AB6}"
EndProject
Project("{FAE04EC0-301F-11D3-BF4B-00C04F79EFBC}") = "11.Snowballs", "11.Snowballs\11.Snowballs.csproj", "{59434174-2233-45CF-9540-56E0D1417B3B}"
EndProject
Project("{FAE04EC0-301F-11D3-BF4B-00C04F79EFBC}") = "More_01.Data_type_finder", "More_01.Data_type_finder\More_01.Data_type_finder.csproj", "{1B076C6E-B236-43C6-A96C-466E02970C28}"
EndProject
Project("{FAE04EC0-301F-11D3-BF4B-00C04F79EFBC}") = "More_02.From_Left_To_Right", "More_02.From_Left_To_Right\More_02.From_Left_To_Right.csproj", "{AB65FD7F-0479-4A85-8075-1C1B0BCA9D0F}"
EndProject
Project("{FAE04EC0-301F-11D3-BF4B-00C04F79EFBC}") = "More_03.Floating_equality", "More_03.Floating_equality\More_03.Floating_equality.csproj", "{D39A5FAF-4547-4FB1-8E38-847153195E5F}"
EndProject
Project("{FAE04EC0-301F-11D3-BF4B-00C04F79EFBC}") = "More_04.Refactoring_Prime_Checker", "More_04.Refactoring_Prime_Checker\More_04.Refactoring_Prime_Checker.csproj", "{BFD9E79C-2CB0-4BD6-8567-8E65037D6829}"
EndProject
Project("{FAE04EC0-301F-11D3-BF4B-00C04F79EFBC}") = "More_05.Decrypting_Messages", "More_05.Decrypting_Messages\More_05.Decrypting_Messages.csproj", "{36849CAE-BEAA-443D-8306-875CC633DC3E}"
EndProject
Project("{FAE04EC0-301F-11D3-BF4B-00C04F79EFBC}") = "More_06.Balanced_Brackets", "More_06.Balanced_Brackets\More_06.Balanced_Brackets.csproj", "{5A372D5B-B193-4E5F-97AF-94364EA99042}"
EndProject
Global
	GlobalSection(SolutionConfigurationPlatforms) = preSolution
		Debug|Any CPU = Debug|Any CPU
		Release|Any CPU = Release|Any CPU
	EndGlobalSection
	GlobalSection(ProjectConfigurationPlatforms) = postSolution
		{68BFA6ED-710D-49FF-9281-DC74577A1C6E}.Debug|Any CPU.ActiveCfg = Debug|Any CPU
		{68BFA6ED-710D-49FF-9281-DC74577A1C6E}.Debug|Any CPU.Build.0 = Debug|Any CPU
		{68BFA6ED-710D-49FF-9281-DC74577A1C6E}.Release|Any CPU.ActiveCfg = Release|Any CPU
		{68BFA6ED-710D-49FF-9281-DC74577A1C6E}.Release|Any CPU.Build.0 = Release|Any CPU
		{0C4FE993-36FE-4CD0-9770-BD46EF2604FF}.Debug|Any CPU.ActiveCfg = Debug|Any CPU
		{0C4FE993-36FE-4CD0-9770-BD46EF2604FF}.Debug|Any CPU.Build.0 = Debug|Any CPU
		{0C4FE993-36FE-4CD0-9770-BD46EF2604FF}.Release|Any CPU.ActiveCfg = Release|Any CPU
		{0C4FE993-36FE-4CD0-9770-BD46EF2604FF}.Release|Any CPU.Build.0 = Release|Any CPU
		{40BD2A43-8DFF-40E7-8D02-364ABACEDE40}.Debug|Any CPU.ActiveCfg = Debug|Any CPU
		{40BD2A43-8DFF-40E7-8D02-364ABACEDE40}.Debug|Any CPU.Build.0 = Debug|Any CPU
		{40BD2A43-8DFF-40E7-8D02-364ABACEDE40}.Release|Any CPU.ActiveCfg = Release|Any CPU
		{40BD2A43-8DFF-40E7-8D02-364ABACEDE40}.Release|Any CPU.Build.0 = Release|Any CPU
		{2C604E0A-BB95-432D-9567-349164F6E423}.Debug|Any CPU.ActiveCfg = Debug|Any CPU
		{2C604E0A-BB95-432D-9567-349164F6E423}.Debug|Any CPU.Build.0 = Debug|Any CPU
		{2C604E0A-BB95-432D-9567-349164F6E423}.Release|Any CPU.ActiveCfg = Release|Any CPU
		{2C604E0A-BB95-432D-9567-349164F6E423}.Release|Any CPU.Build.0 = Release|Any CPU
		{0D4517A1-167A-48FE-8C7B-C7D924D8F0BA}.Debug|Any CPU.ActiveCfg = Debug|Any CPU
		{0D4517A1-167A-48FE-8C7B-C7D924D8F0BA}.Debug|Any CPU.Build.0 = Debug|Any CPU
		{0D4517A1-167A-48FE-8C7B-C7D924D8F0BA}.Release|Any CPU.ActiveCfg = Release|Any CPU
		{0D4517A1-167A-48FE-8C7B-C7D924D8F0BA}.Release|Any CPU.Build.0 = Release|Any CPU
		{C809CAC2-96D7-4AB6-809E-4166122C57C1}.Debug|Any CPU.ActiveCfg = Debug|Any CPU
		{C809CAC2-96D7-4AB6-809E-4166122C57C1}.Debug|Any CPU.Build.0 = Debug|Any CPU
		{C809CAC2-96D7-4AB6-809E-4166122C57C1}.Release|Any CPU.ActiveCfg = Release|Any CPU
		{C809CAC2-96D7-4AB6-809E-4166122C57C1}.Release|Any CPU.Build.0 = Release|Any CPU
		{3A4CE057-2DB6-4B65-A60F-229BF091A49C}.Debug|Any CPU.ActiveCfg = Debug|Any CPU
		{3A4CE057-2DB6-4B65-A60F-229BF091A49C}.Debug|Any CPU.Build.0 = Debug|Any CPU
		{3A4CE057-2DB6-4B65-A60F-229BF091A49C}.Release|Any CPU.ActiveCfg = Release|Any CPU
		{3A4CE057-2DB6-4B65-A60F-229BF091A49C}.Release|Any CPU.Build.0 = Release|Any CPU
		{6A244978-85B9-4A23-BB68-3F1392F1A2A9}.Debug|Any CPU.ActiveCfg = Debug|Any CPU
		{6A244978-85B9-4A23-BB68-3F1392F1A2A9}.Debug|Any CPU.Build.0 = Debug|Any CPU
		{6A244978-85B9-4A23-BB68-3F1392F1A2A9}.Release|Any CPU.ActiveCfg = Release|Any CPU
		{6A244978-85B9-4A23-BB68-3F1392F1A2A9}.Release|Any CPU.Build.0 = Release|Any CPU
		{71F6F20C-4601-4575-A075-A4C118F6EFE6}.Debug|Any CPU.ActiveCfg = Debug|Any CPU
		{71F6F20C-4601-4575-A075-A4C118F6EFE6}.Debug|Any CPU.Build.0 = Debug|Any CPU
		{71F6F20C-4601-4575-A075-A4C118F6EFE6}.Release|Any CPU.ActiveCfg = Release|Any CPU
		{71F6F20C-4601-4575-A075-A4C118F6EFE6}.Release|Any CPU.Build.0 = Release|Any CPU
		{9778BAAF-C3B2-4C28-A40B-3E408B5C5AB6}.Debug|Any CPU.ActiveCfg = Debug|Any CPU
		{9778BAAF-C3B2-4C28-A40B-3E408B5C5AB6}.Debug|Any CPU.Build.0 = Debug|Any CPU
		{9778BAAF-C3B2-4C28-A40B-3E408B5C5AB6}.Release|Any CPU.ActiveCfg = Release|Any CPU
		{9778BAAF-C3B2-4C28-A40B-3E408B5C5AB6}.Release|Any CPU.Build.0 = Release|Any CPU
		{59434174-2233-45CF-9540-56E0D1417B3B}.Debug|Any CPU.ActiveCfg = Debug|Any CPU
		{59434174-2233-45CF-9540-56E0D1417B3B}.Debug|Any CPU.Build.0 = Debug|Any CPU
		{59434174-2233-45CF-9540-56E0D1417B3B}.Release|Any CPU.ActiveCfg = Release|Any CPU
		{59434174-2233-45CF-9540-56E0D1417B3B}.Release|Any CPU.Build.0 = Release|Any CPU
		{1B076C6E-B236-43C6-A96C-466E02970C28}.Debug|Any CPU.ActiveCfg = Debug|Any CPU
		{1B076C6E-B236-43C6-A96C-466E02970C28}.Debug|Any CPU.Build.0 = Debug|Any CPU
		{1B076C6E-B236-43C6-A96C-466E02970C28}.Release|Any CPU.ActiveCfg = Release|Any CPU
		{1B076C6E-B236-43C6-A96C-466E02970C28}.Release|Any CPU.Build.0 = Release|Any CPU
		{AB65FD7F-0479-4A85-8075-1C1B0BCA9D0F}.Debug|Any CPU.ActiveCfg = Debug|Any CPU
		{AB65FD7F-0479-4A85-8075-1C1B0BCA9D0F}.Debug|Any CPU.Build.0 = Debug|Any CPU
		{AB65FD7F-0479-4A85-8075-1C1B0BCA9D0F}.Release|Any CPU.ActiveCfg = Release|Any CPU
		{AB65FD7F-0479-4A85-8075-1C1B0BCA9D0F}.Release|Any CPU.Build.0 = Release|Any CPU
		{D39A5FAF-4547-4FB1-8E38-847153195E5F}.Debug|Any CPU.ActiveCfg = Debug|Any CPU
		{D39A5FAF-4547-4FB1-8E38-847153195E5F}.Debug|Any CPU.Build.0 = Debug|Any CPU
		{D39A5FAF-4547-4FB1-8E38-847153195E5F}.Release|Any CPU.ActiveCfg = Release|Any CPU
		{D39A5FAF-4547-4FB1-8E38-847153195E5F}.Release|Any CPU.Build.0 = Release|Any CPU
		{BFD9E79C-2CB0-4BD6-8567-8E65037D6829}.Debug|Any CPU.ActiveCfg = Debug|Any CPU
		{BFD9E79C-2CB0-4BD6-8567-8E65037D6829}.Debug|Any CPU.Build.0 = Debug|Any CPU
		{BFD9E79C-2CB0-4BD6-8567-8E65037D6829}.Release|Any CPU.ActiveCfg = Release|Any CPU
		{BFD9E79C-2CB0-4BD6-8567-8E65037D6829}.Release|Any CPU.Build.0 = Release|Any CPU
		{36849CAE-BEAA-443D-8306-875CC633DC3E}.Debug|Any CPU.ActiveCfg = Debug|Any CPU
		{36849CAE-BEAA-443D-8306-875CC633DC3E}.Debug|Any CPU.Build.0 = Debug|Any CPU
		{36849CAE-BEAA-443D-8306-875CC633DC3E}.Release|Any CPU.ActiveCfg = Release|Any CPU
		{36849CAE-BEAA-443D-8306-875CC633DC3E}.Release|Any CPU.Build.0 = Release|Any CPU
		{5A372D5B-B193-4E5F-97AF-94364EA99042}.Debug|Any CPU.ActiveCfg = Debug|Any CPU
		{5A372D5B-B193-4E5F-97AF-94364EA99042}.Debug|Any CPU.Build.0 = Debug|Any CPU
		{5A372D5B-B193-4E5F-97AF-94364EA99042}.Release|Any CPU.ActiveCfg = Release|Any CPU
		{5A372D5B-B193-4E5F-97AF-94364EA99042}.Release|Any CPU.Build.0 = Release|Any CPU
	EndGlobalSection
	GlobalSection(SolutionProperties) = preSolution
		HideSolutionNode = FALSE
	EndGlobalSection
	GlobalSection(ExtensibilityGlobals) = postSolution
		SolutionGuid = {37DC671C-DB82-4C85-BEB2-FC3087D591FD}
	EndGlobalSection
EndGlobal
