
Microsoft Visual Studio Solution File, Format Version 12.00
# Visual Studio Version 16
VisualStudioVersion = 16.0.30413.136
MinimumVisualStudioVersion = 10.0.40219.1
Project("{FAE04EC0-301F-11D3-BF4B-00C04F79EFBC}") = "01.Train", "01.Train\01.Train.csproj", "{AD5203B5-549F-449D-98C2-025E81A3A086}"
EndProject
Project("{FAE04EC0-301F-11D3-BF4B-00C04F79EFBC}") = "02.Change_List", "02.Change_List\02.Change_List.csproj", "{1196CE97-D7FF-4A3E-A302-806F18D9DF29}"
EndProject
Project("{FAE04EC0-301F-11D3-BF4B-00C04F79EFBC}") = "03.House_Party", "03.House_Party\03.House_Party.csproj", "{D740B1B2-FBD2-4490-9764-1E0D09D2CC2F}"
EndProject
Project("{FAE04EC0-301F-11D3-BF4B-00C04F79EFBC}") = "04.List_Operations", "04.List_Operations\04.List_Operations.csproj", "{9AA2E42E-0F16-499A-919A-B22745EF2864}"
EndProject
Project("{FAE04EC0-301F-11D3-BF4B-00C04F79EFBC}") = "05.Bomb_Numbers", "05.Bomb_Numbers\05.Bomb_Numbers.csproj", "{C18E6507-504C-4DE2-866F-738F5904A9A4}"
EndProject
Project("{FAE04EC0-301F-11D3-BF4B-00C04F79EFBC}") = "06.Cards_Game", "06.Cards_Game\06.Cards_Game.csproj", "{A36AE3B9-8464-4037-8543-D3AA634D7834}"
EndProject
Project("{FAE04EC0-301F-11D3-BF4B-00C04F79EFBC}") = "07.Append_Arrays", "07.Append_Arrays\07.Append_Arrays.csproj", "{10BAC2D4-D296-4AC8-B329-68DAEAF9A90C}"
EndProject
Project("{FAE04EC0-301F-11D3-BF4B-00C04F79EFBC}") = "08.Anonymous_Threat", "08.Anonymous_Threat\08.Anonymous_Threat.csproj", "{794E6CBD-F517-41EB-A62C-04D9D2F5F023}"
EndProject
Project("{FAE04EC0-301F-11D3-BF4B-00C04F79EFBC}") = "09.Pokemond_DONT_GO", "09.Pokemond_DONT_GO\09.Pokemond_DONT_GO.csproj", "{EDFB443E-E02F-40C2-A7A5-F61D1D337133}"
EndProject
Project("{FAE04EC0-301F-11D3-BF4B-00C04F79EFBC}") = "10.SoftUni_Course_Planning", "10.SoftUni_Course_Planning\10.SoftUni_Course_Planning.csproj", "{9581EBF9-1449-45DE-B3A8-0E8D77C0DEA5}"
EndProject
Global
	GlobalSection(SolutionConfigurationPlatforms) = preSolution
		Debug|Any CPU = Debug|Any CPU
		Release|Any CPU = Release|Any CPU
	EndGlobalSection
	GlobalSection(ProjectConfigurationPlatforms) = postSolution
		{AD5203B5-549F-449D-98C2-025E81A3A086}.Debug|Any CPU.ActiveCfg = Debug|Any CPU
		{AD5203B5-549F-449D-98C2-025E81A3A086}.Debug|Any CPU.Build.0 = Debug|Any CPU
		{AD5203B5-549F-449D-98C2-025E81A3A086}.Release|Any CPU.ActiveCfg = Release|Any CPU
		{AD5203B5-549F-449D-98C2-025E81A3A086}.Release|Any CPU.Build.0 = Release|Any CPU
		{1196CE97-D7FF-4A3E-A302-806F18D9DF29}.Debug|Any CPU.ActiveCfg = Debug|Any CPU
		{1196CE97-D7FF-4A3E-A302-806F18D9DF29}.Debug|Any CPU.Build.0 = Debug|Any CPU
		{1196CE97-D7FF-4A3E-A302-806F18D9DF29}.Release|Any CPU.ActiveCfg = Release|Any CPU
		{1196CE97-D7FF-4A3E-A302-806F18D9DF29}.Release|Any CPU.Build.0 = Release|Any CPU
		{D740B1B2-FBD2-4490-9764-1E0D09D2CC2F}.Debug|Any CPU.ActiveCfg = Debug|Any CPU
		{D740B1B2-FBD2-4490-9764-1E0D09D2CC2F}.Debug|Any CPU.Build.0 = Debug|Any CPU
		{D740B1B2-FBD2-4490-9764-1E0D09D2CC2F}.Release|Any CPU.ActiveCfg = Release|Any CPU
		{D740B1B2-FBD2-4490-9764-1E0D09D2CC2F}.Release|Any CPU.Build.0 = Release|Any CPU
		{9AA2E42E-0F16-499A-919A-B22745EF2864}.Debug|Any CPU.ActiveCfg = Debug|Any CPU
		{9AA2E42E-0F16-499A-919A-B22745EF2864}.Debug|Any CPU.Build.0 = Debug|Any CPU
		{9AA2E42E-0F16-499A-919A-B22745EF2864}.Release|Any CPU.ActiveCfg = Release|Any CPU
		{9AA2E42E-0F16-499A-919A-B22745EF2864}.Release|Any CPU.Build.0 = Release|Any CPU
		{C18E6507-504C-4DE2-866F-738F5904A9A4}.Debug|Any CPU.ActiveCfg = Debug|Any CPU
		{C18E6507-504C-4DE2-866F-738F5904A9A4}.Debug|Any CPU.Build.0 = Debug|Any CPU
		{C18E6507-504C-4DE2-866F-738F5904A9A4}.Release|Any CPU.ActiveCfg = Release|Any CPU
		{C18E6507-504C-4DE2-866F-738F5904A9A4}.Release|Any CPU.Build.0 = Release|Any CPU
		{A36AE3B9-8464-4037-8543-D3AA634D7834}.Debug|Any CPU.ActiveCfg = Debug|Any CPU
		{A36AE3B9-8464-4037-8543-D3AA634D7834}.Debug|Any CPU.Build.0 = Debug|Any CPU
		{A36AE3B9-8464-4037-8543-D3AA634D7834}.Release|Any CPU.ActiveCfg = Release|Any CPU
		{A36AE3B9-8464-4037-8543-D3AA634D7834}.Release|Any CPU.Build.0 = Release|Any CPU
		{10BAC2D4-D296-4AC8-B329-68DAEAF9A90C}.Debug|Any CPU.ActiveCfg = Debug|Any CPU
		{10BAC2D4-D296-4AC8-B329-68DAEAF9A90C}.Debug|Any CPU.Build.0 = Debug|Any CPU
		{10BAC2D4-D296-4AC8-B329-68DAEAF9A90C}.Release|Any CPU.ActiveCfg = Release|Any CPU
		{10BAC2D4-D296-4AC8-B329-68DAEAF9A90C}.Release|Any CPU.Build.0 = Release|Any CPU
		{794E6CBD-F517-41EB-A62C-04D9D2F5F023}.Debug|Any CPU.ActiveCfg = Debug|Any CPU
		{794E6CBD-F517-41EB-A62C-04D9D2F5F023}.Debug|Any CPU.Build.0 = Debug|Any CPU
		{794E6CBD-F517-41EB-A62C-04D9D2F5F023}.Release|Any CPU.ActiveCfg = Release|Any CPU
		{794E6CBD-F517-41EB-A62C-04D9D2F5F023}.Release|Any CPU.Build.0 = Release|Any CPU
		{EDFB443E-E02F-40C2-A7A5-F61D1D337133}.Debug|Any CPU.ActiveCfg = Debug|Any CPU
		{EDFB443E-E02F-40C2-A7A5-F61D1D337133}.Debug|Any CPU.Build.0 = Debug|Any CPU
		{EDFB443E-E02F-40C2-A7A5-F61D1D337133}.Release|Any CPU.ActiveCfg = Release|Any CPU
		{EDFB443E-E02F-40C2-A7A5-F61D1D337133}.Release|Any CPU.Build.0 = Release|Any CPU
		{9581EBF9-1449-45DE-B3A8-0E8D77C0DEA5}.Debug|Any CPU.ActiveCfg = Debug|Any CPU
		{9581EBF9-1449-45DE-B3A8-0E8D77C0DEA5}.Debug|Any CPU.Build.0 = Debug|Any CPU
		{9581EBF9-1449-45DE-B3A8-0E8D77C0DEA5}.Release|Any CPU.ActiveCfg = Release|Any CPU
		{9581EBF9-1449-45DE-B3A8-0E8D77C0DEA5}.Release|Any CPU.Build.0 = Release|Any CPU
	EndGlobalSection
	GlobalSection(SolutionProperties) = preSolution
		HideSolutionNode = FALSE
	EndGlobalSection
	GlobalSection(ExtensibilityGlobals) = postSolution
		SolutionGuid = {7E564D92-1E49-471B-A5F1-BD1A836FD3BB}
	EndGlobalSection
EndGlobal
