
Microsoft Visual Studio Solution File, Format Version 12.00
# Visual Studio Version 16
VisualStudioVersion = 16.0.30413.136
MinimumVisualStudioVersion = 10.0.40219.1
Project("{FAE04EC0-301F-11D3-BF4B-00C04F79EFBC}") = "01.Student_Information", "BasicSyntax\01.Student_Information.csproj", "{B9A3CD3A-DFBE-4096-9B59-AAE55594539B}"
EndProject
Project("{FAE04EC0-301F-11D3-BF4B-00C04F79EFBC}") = "02.Passed", "02.Passed\02.Passed.csproj", "{BE871423-18DA-421B-823B-99935F0DDDF7}"
EndProject
Project("{FAE04EC0-301F-11D3-BF4B-00C04F79EFBC}") = "03.Passed_Or_Failed", "03.Passed_Or_Failed\03.Passed_Or_Failed.csproj", "{130535F9-E8A9-4460-93B7-77B5DA611CFE}"
EndProject
Project("{FAE04EC0-301F-11D3-BF4B-00C04F79EFBC}") = "04.Back_In_30_Minutes", "04.Back_In_30_Minutes\04.Back_In_30_Minutes.csproj", "{9B98984B-4838-4254-8C9B-95424F8B847F}"
EndProject
Project("{FAE04EC0-301F-11D3-BF4B-00C04F79EFBC}") = "05.Month_Printer", "05.Month_Printer\05.Month_Printer.csproj", "{386EABB6-69AB-4282-A2A0-99F0D4DBF9FD}"
EndProject
Project("{FAE04EC0-301F-11D3-BF4B-00C04F79EFBC}") = "06.Foreign_Languages", "06.Foreign_Languages\06.Foreign_Languages.csproj", "{ADB061C8-0240-4013-8716-A3D856F29D26}"
EndProject
Project("{FAE04EC0-301F-11D3-BF4B-00C04F79EFBC}") = "07.Theatre_Promotions", "07.Theatre_Promotions\07.Theatre_Promotions.csproj", "{646A10D3-2E9C-4EAD-9D62-E8DEF78AF6F2}"
EndProject
Project("{FAE04EC0-301F-11D3-BF4B-00C04F79EFBC}") = "08.Divisable_By_3", "08.Divisable_By_3\08.Divisable_By_3.csproj", "{46AB6A32-3BB6-40B0-AFF1-FB565798013C}"
EndProject
Project("{FAE04EC0-301F-11D3-BF4B-00C04F79EFBC}") = "09.Sum_Of_Odd_Numbers", "09.Sum_Of_Odd_Numbers\09.Sum_Of_Odd_Numbers.csproj", "{3919DCE9-7879-419D-8FC4-E09DC8A16E0C}"
EndProject
Project("{FAE04EC0-301F-11D3-BF4B-00C04F79EFBC}") = "10.Multiplication_Table", "10.Multiplication_Table\10.Multiplication_Table.csproj", "{6160EB47-F5F3-4990-BE95-1BB8728FE289}"
EndProject
Project("{FAE04EC0-301F-11D3-BF4B-00C04F79EFBC}") = "11.Multiplication_Table_2.0", "11.Multiplication_Table_2.0\11.Multiplication_Table_2.0.csproj", "{BC687BFF-B919-4C06-861B-F5BB27265230}"
EndProject
Project("{FAE04EC0-301F-11D3-BF4B-00C04F79EFBC}") = "12.Even_Number", "12.Even_Number\12.Even_Number.csproj", "{CCF9413F-B406-45D6-888F-AB64FD5CFD56}"
EndProject
Project("{FAE04EC0-301F-11D3-BF4B-00C04F79EFBC}") = "13.Debug_The_Code", "13.Debug_The_Code\13.Debug_The_Code.csproj", "{C2B12E0C-6979-4261-B71F-640429213796}"
EndProject
Global
	GlobalSection(SolutionConfigurationPlatforms) = preSolution
		Debug|Any CPU = Debug|Any CPU
		Release|Any CPU = Release|Any CPU
	EndGlobalSection
	GlobalSection(ProjectConfigurationPlatforms) = postSolution
		{B9A3CD3A-DFBE-4096-9B59-AAE55594539B}.Debug|Any CPU.ActiveCfg = Debug|Any CPU
		{B9A3CD3A-DFBE-4096-9B59-AAE55594539B}.Debug|Any CPU.Build.0 = Debug|Any CPU
		{B9A3CD3A-DFBE-4096-9B59-AAE55594539B}.Release|Any CPU.ActiveCfg = Release|Any CPU
		{B9A3CD3A-DFBE-4096-9B59-AAE55594539B}.Release|Any CPU.Build.0 = Release|Any CPU
		{BE871423-18DA-421B-823B-99935F0DDDF7}.Debug|Any CPU.ActiveCfg = Debug|Any CPU
		{BE871423-18DA-421B-823B-99935F0DDDF7}.Debug|Any CPU.Build.0 = Debug|Any CPU
		{BE871423-18DA-421B-823B-99935F0DDDF7}.Release|Any CPU.ActiveCfg = Release|Any CPU
		{BE871423-18DA-421B-823B-99935F0DDDF7}.Release|Any CPU.Build.0 = Release|Any CPU
		{130535F9-E8A9-4460-93B7-77B5DA611CFE}.Debug|Any CPU.ActiveCfg = Debug|Any CPU
		{130535F9-E8A9-4460-93B7-77B5DA611CFE}.Debug|Any CPU.Build.0 = Debug|Any CPU
		{130535F9-E8A9-4460-93B7-77B5DA611CFE}.Release|Any CPU.ActiveCfg = Release|Any CPU
		{130535F9-E8A9-4460-93B7-77B5DA611CFE}.Release|Any CPU.Build.0 = Release|Any CPU
		{9B98984B-4838-4254-8C9B-95424F8B847F}.Debug|Any CPU.ActiveCfg = Debug|Any CPU
		{9B98984B-4838-4254-8C9B-95424F8B847F}.Debug|Any CPU.Build.0 = Debug|Any CPU
		{9B98984B-4838-4254-8C9B-95424F8B847F}.Release|Any CPU.ActiveCfg = Release|Any CPU
		{9B98984B-4838-4254-8C9B-95424F8B847F}.Release|Any CPU.Build.0 = Release|Any CPU
		{386EABB6-69AB-4282-A2A0-99F0D4DBF9FD}.Debug|Any CPU.ActiveCfg = Debug|Any CPU
		{386EABB6-69AB-4282-A2A0-99F0D4DBF9FD}.Debug|Any CPU.Build.0 = Debug|Any CPU
		{386EABB6-69AB-4282-A2A0-99F0D4DBF9FD}.Release|Any CPU.ActiveCfg = Release|Any CPU
		{386EABB6-69AB-4282-A2A0-99F0D4DBF9FD}.Release|Any CPU.Build.0 = Release|Any CPU
		{ADB061C8-0240-4013-8716-A3D856F29D26}.Debug|Any CPU.ActiveCfg = Debug|Any CPU
		{ADB061C8-0240-4013-8716-A3D856F29D26}.Debug|Any CPU.Build.0 = Debug|Any CPU
		{ADB061C8-0240-4013-8716-A3D856F29D26}.Release|Any CPU.ActiveCfg = Release|Any CPU
		{ADB061C8-0240-4013-8716-A3D856F29D26}.Release|Any CPU.Build.0 = Release|Any CPU
		{646A10D3-2E9C-4EAD-9D62-E8DEF78AF6F2}.Debug|Any CPU.ActiveCfg = Debug|Any CPU
		{646A10D3-2E9C-4EAD-9D62-E8DEF78AF6F2}.Debug|Any CPU.Build.0 = Debug|Any CPU
		{646A10D3-2E9C-4EAD-9D62-E8DEF78AF6F2}.Release|Any CPU.ActiveCfg = Release|Any CPU
		{646A10D3-2E9C-4EAD-9D62-E8DEF78AF6F2}.Release|Any CPU.Build.0 = Release|Any CPU
		{46AB6A32-3BB6-40B0-AFF1-FB565798013C}.Debug|Any CPU.ActiveCfg = Debug|Any CPU
		{46AB6A32-3BB6-40B0-AFF1-FB565798013C}.Debug|Any CPU.Build.0 = Debug|Any CPU
		{46AB6A32-3BB6-40B0-AFF1-FB565798013C}.Release|Any CPU.ActiveCfg = Release|Any CPU
		{46AB6A32-3BB6-40B0-AFF1-FB565798013C}.Release|Any CPU.Build.0 = Release|Any CPU
		{3919DCE9-7879-419D-8FC4-E09DC8A16E0C}.Debug|Any CPU.ActiveCfg = Debug|Any CPU
		{3919DCE9-7879-419D-8FC4-E09DC8A16E0C}.Debug|Any CPU.Build.0 = Debug|Any CPU
		{3919DCE9-7879-419D-8FC4-E09DC8A16E0C}.Release|Any CPU.ActiveCfg = Release|Any CPU
		{3919DCE9-7879-419D-8FC4-E09DC8A16E0C}.Release|Any CPU.Build.0 = Release|Any CPU
		{6160EB47-F5F3-4990-BE95-1BB8728FE289}.Debug|Any CPU.ActiveCfg = Debug|Any CPU
		{6160EB47-F5F3-4990-BE95-1BB8728FE289}.Debug|Any CPU.Build.0 = Debug|Any CPU
		{6160EB47-F5F3-4990-BE95-1BB8728FE289}.Release|Any CPU.ActiveCfg = Release|Any CPU
		{6160EB47-F5F3-4990-BE95-1BB8728FE289}.Release|Any CPU.Build.0 = Release|Any CPU
		{BC687BFF-B919-4C06-861B-F5BB27265230}.Debug|Any CPU.ActiveCfg = Debug|Any CPU
		{BC687BFF-B919-4C06-861B-F5BB27265230}.Debug|Any CPU.Build.0 = Debug|Any CPU
		{BC687BFF-B919-4C06-861B-F5BB27265230}.Release|Any CPU.ActiveCfg = Release|Any CPU
		{BC687BFF-B919-4C06-861B-F5BB27265230}.Release|Any CPU.Build.0 = Release|Any CPU
		{CCF9413F-B406-45D6-888F-AB64FD5CFD56}.Debug|Any CPU.ActiveCfg = Debug|Any CPU
		{CCF9413F-B406-45D6-888F-AB64FD5CFD56}.Debug|Any CPU.Build.0 = Debug|Any CPU
		{CCF9413F-B406-45D6-888F-AB64FD5CFD56}.Release|Any CPU.ActiveCfg = Release|Any CPU
		{CCF9413F-B406-45D6-888F-AB64FD5CFD56}.Release|Any CPU.Build.0 = Release|Any CPU
		{C2B12E0C-6979-4261-B71F-640429213796}.Debug|Any CPU.ActiveCfg = Debug|Any CPU
		{C2B12E0C-6979-4261-B71F-640429213796}.Debug|Any CPU.Build.0 = Debug|Any CPU
		{C2B12E0C-6979-4261-B71F-640429213796}.Release|Any CPU.ActiveCfg = Release|Any CPU
		{C2B12E0C-6979-4261-B71F-640429213796}.Release|Any CPU.Build.0 = Release|Any CPU
	EndGlobalSection
	GlobalSection(SolutionProperties) = preSolution
		HideSolutionNode = FALSE
	EndGlobalSection
	GlobalSection(ExtensibilityGlobals) = postSolution
		SolutionGuid = {516BE744-95A3-4B77-951A-34C12845E4B0}
	EndGlobalSection
EndGlobal
