
Microsoft Visual Studio Solution File, Format Version 12.00
# Visual Studio Version 16
VisualStudioVersion = 16.0.30413.136
MinimumVisualStudioVersion = 10.0.40219.1
Project("{FAE04EC0-301F-11D3-BF4B-00C04F79EFBC}") = "01.Train", "01.Train\01.Train.csproj", "{6B7D6D4A-A374-4DC8-8CAD-90E4188A1DA2}"
EndProject
Project("{FAE04EC0-301F-11D3-BF4B-00C04F79EFBC}") = "02.Common_Elements", "02.Common_Elements\02.Common_Elements.csproj", "{5027168C-5F58-4E58-A609-522DF59AF1BC}"
EndProject
Project("{FAE04EC0-301F-11D3-BF4B-00C04F79EFBC}") = "03.Zig_Zag_Arrays", "03.Zig_Zag_Arrays\03.Zig_Zag_Arrays.csproj", "{AF9B4122-08AD-4DE2-8E55-1A58654BE98E}"
EndProject
Project("{FAE04EC0-301F-11D3-BF4B-00C04F79EFBC}") = "04.Array_Rotation", "04.Array_Rotation\04.Array_Rotation.csproj", "{6A63D340-D810-4BF2-B54F-E012159B8591}"
EndProject
Project("{FAE04EC0-301F-11D3-BF4B-00C04F79EFBC}") = "05.Top_Integers", "05.Top_Integers\05.Top_Integers.csproj", "{B05281B9-9405-4544-A6BC-DE2A8EF7FDDA}"
EndProject
Project("{FAE04EC0-301F-11D3-BF4B-00C04F79EFBC}") = "06.Equal_Sums", "06.Equal_Sums\06.Equal_Sums.csproj", "{28CBCC7F-4D39-4C8B-AAC5-256B0FBEA377}"
EndProject
Project("{FAE04EC0-301F-11D3-BF4B-00C04F79EFBC}") = "07.Max_Sequence_Of_Equal_Elements", "07.Max_Sequence_Of_Equal_Elements\07.Max_Sequence_Of_Equal_Elements.csproj", "{F71DB654-517C-4341-B50B-D9AC3F66FF50}"
EndProject
Project("{FAE04EC0-301F-11D3-BF4B-00C04F79EFBC}") = "08.Magic_Sum", "08.Magic_Sum\08.Magic_Sum.csproj", "{FAD041C9-005F-4D6D-BA86-3F41DECF0A2E}"
EndProject
Project("{FAE04EC0-301F-11D3-BF4B-00C04F79EFBC}") = "09.Kamino_Factory", "09.Kamino_Factory\09.Kamino_Factory.csproj", "{BE16E41C-A944-479D-B4CB-FDBA4902F14A}"
EndProject
Project("{FAE04EC0-301F-11D3-BF4B-00C04F79EFBC}") = "10.Lady_Bugs", "10.Lady_Bugs\10.Lady_Bugs.csproj", "{AC4A63D7-0B87-4489-80E2-EBBE3E2FCB4C}"
EndProject
Project("{FAE04EC0-301F-11D3-BF4B-00C04F79EFBC}") = "More_01.Encrypt_Sort_And_Print_Array", "More_01.Encrypt_Sort_And_Print_Array\More_01.Encrypt_Sort_And_Print_Array.csproj", "{3407E347-1AE7-4A76-9747-572A4BA80B10}"
EndProject
Project("{FAE04EC0-301F-11D3-BF4B-00C04F79EFBC}") = "More_02.Pascal_triangle", "More_02.Pascal_triangle\More_02.Pascal_triangle.csproj", "{8467DF7B-A23E-4BDF-8D9E-C023795073F4}"
EndProject
Project("{FAE04EC0-301F-11D3-BF4B-00C04F79EFBC}") = "More_03.Recursive_Fibonacci", "More_03.Recursive_Fibonacci\More_03.Recursive_Fibonacci.csproj", "{4A85CF4F-94F3-4C86-A0C4-A06E1C552E85}"
EndProject
Global
	GlobalSection(SolutionConfigurationPlatforms) = preSolution
		Debug|Any CPU = Debug|Any CPU
		Release|Any CPU = Release|Any CPU
	EndGlobalSection
	GlobalSection(ProjectConfigurationPlatforms) = postSolution
		{6B7D6D4A-A374-4DC8-8CAD-90E4188A1DA2}.Debug|Any CPU.ActiveCfg = Debug|Any CPU
		{6B7D6D4A-A374-4DC8-8CAD-90E4188A1DA2}.Debug|Any CPU.Build.0 = Debug|Any CPU
		{6B7D6D4A-A374-4DC8-8CAD-90E4188A1DA2}.Release|Any CPU.ActiveCfg = Release|Any CPU
		{6B7D6D4A-A374-4DC8-8CAD-90E4188A1DA2}.Release|Any CPU.Build.0 = Release|Any CPU
		{5027168C-5F58-4E58-A609-522DF59AF1BC}.Debug|Any CPU.ActiveCfg = Debug|Any CPU
		{5027168C-5F58-4E58-A609-522DF59AF1BC}.Debug|Any CPU.Build.0 = Debug|Any CPU
		{5027168C-5F58-4E58-A609-522DF59AF1BC}.Release|Any CPU.ActiveCfg = Release|Any CPU
		{5027168C-5F58-4E58-A609-522DF59AF1BC}.Release|Any CPU.Build.0 = Release|Any CPU
		{AF9B4122-08AD-4DE2-8E55-1A58654BE98E}.Debug|Any CPU.ActiveCfg = Debug|Any CPU
		{AF9B4122-08AD-4DE2-8E55-1A58654BE98E}.Debug|Any CPU.Build.0 = Debug|Any CPU
		{AF9B4122-08AD-4DE2-8E55-1A58654BE98E}.Release|Any CPU.ActiveCfg = Release|Any CPU
		{AF9B4122-08AD-4DE2-8E55-1A58654BE98E}.Release|Any CPU.Build.0 = Release|Any CPU
		{6A63D340-D810-4BF2-B54F-E012159B8591}.Debug|Any CPU.ActiveCfg = Debug|Any CPU
		{6A63D340-D810-4BF2-B54F-E012159B8591}.Debug|Any CPU.Build.0 = Debug|Any CPU
		{6A63D340-D810-4BF2-B54F-E012159B8591}.Release|Any CPU.ActiveCfg = Release|Any CPU
		{6A63D340-D810-4BF2-B54F-E012159B8591}.Release|Any CPU.Build.0 = Release|Any CPU
		{B05281B9-9405-4544-A6BC-DE2A8EF7FDDA}.Debug|Any CPU.ActiveCfg = Debug|Any CPU
		{B05281B9-9405-4544-A6BC-DE2A8EF7FDDA}.Debug|Any CPU.Build.0 = Debug|Any CPU
		{B05281B9-9405-4544-A6BC-DE2A8EF7FDDA}.Release|Any CPU.ActiveCfg = Release|Any CPU
		{B05281B9-9405-4544-A6BC-DE2A8EF7FDDA}.Release|Any CPU.Build.0 = Release|Any CPU
		{28CBCC7F-4D39-4C8B-AAC5-256B0FBEA377}.Debug|Any CPU.ActiveCfg = Debug|Any CPU
		{28CBCC7F-4D39-4C8B-AAC5-256B0FBEA377}.Debug|Any CPU.Build.0 = Debug|Any CPU
		{28CBCC7F-4D39-4C8B-AAC5-256B0FBEA377}.Release|Any CPU.ActiveCfg = Release|Any CPU
		{28CBCC7F-4D39-4C8B-AAC5-256B0FBEA377}.Release|Any CPU.Build.0 = Release|Any CPU
		{F71DB654-517C-4341-B50B-D9AC3F66FF50}.Debug|Any CPU.ActiveCfg = Debug|Any CPU
		{F71DB654-517C-4341-B50B-D9AC3F66FF50}.Debug|Any CPU.Build.0 = Debug|Any CPU
		{F71DB654-517C-4341-B50B-D9AC3F66FF50}.Release|Any CPU.ActiveCfg = Release|Any CPU
		{F71DB654-517C-4341-B50B-D9AC3F66FF50}.Release|Any CPU.Build.0 = Release|Any CPU
		{FAD041C9-005F-4D6D-BA86-3F41DECF0A2E}.Debug|Any CPU.ActiveCfg = Debug|Any CPU
		{FAD041C9-005F-4D6D-BA86-3F41DECF0A2E}.Debug|Any CPU.Build.0 = Debug|Any CPU
		{FAD041C9-005F-4D6D-BA86-3F41DECF0A2E}.Release|Any CPU.ActiveCfg = Release|Any CPU
		{FAD041C9-005F-4D6D-BA86-3F41DECF0A2E}.Release|Any CPU.Build.0 = Release|Any CPU
		{BE16E41C-A944-479D-B4CB-FDBA4902F14A}.Debug|Any CPU.ActiveCfg = Debug|Any CPU
		{BE16E41C-A944-479D-B4CB-FDBA4902F14A}.Debug|Any CPU.Build.0 = Debug|Any CPU
		{BE16E41C-A944-479D-B4CB-FDBA4902F14A}.Release|Any CPU.ActiveCfg = Release|Any CPU
		{BE16E41C-A944-479D-B4CB-FDBA4902F14A}.Release|Any CPU.Build.0 = Release|Any CPU
		{AC4A63D7-0B87-4489-80E2-EBBE3E2FCB4C}.Debug|Any CPU.ActiveCfg = Debug|Any CPU
		{AC4A63D7-0B87-4489-80E2-EBBE3E2FCB4C}.Debug|Any CPU.Build.0 = Debug|Any CPU
		{AC4A63D7-0B87-4489-80E2-EBBE3E2FCB4C}.Release|Any CPU.ActiveCfg = Release|Any CPU
		{AC4A63D7-0B87-4489-80E2-EBBE3E2FCB4C}.Release|Any CPU.Build.0 = Release|Any CPU
		{3407E347-1AE7-4A76-9747-572A4BA80B10}.Debug|Any CPU.ActiveCfg = Debug|Any CPU
		{3407E347-1AE7-4A76-9747-572A4BA80B10}.Debug|Any CPU.Build.0 = Debug|Any CPU
		{3407E347-1AE7-4A76-9747-572A4BA80B10}.Release|Any CPU.ActiveCfg = Release|Any CPU
		{3407E347-1AE7-4A76-9747-572A4BA80B10}.Release|Any CPU.Build.0 = Release|Any CPU
		{8467DF7B-A23E-4BDF-8D9E-C023795073F4}.Debug|Any CPU.ActiveCfg = Debug|Any CPU
		{8467DF7B-A23E-4BDF-8D9E-C023795073F4}.Debug|Any CPU.Build.0 = Debug|Any CPU
		{8467DF7B-A23E-4BDF-8D9E-C023795073F4}.Release|Any CPU.ActiveCfg = Release|Any CPU
		{8467DF7B-A23E-4BDF-8D9E-C023795073F4}.Release|Any CPU.Build.0 = Release|Any CPU
		{4A85CF4F-94F3-4C86-A0C4-A06E1C552E85}.Debug|Any CPU.ActiveCfg = Debug|Any CPU
		{4A85CF4F-94F3-4C86-A0C4-A06E1C552E85}.Debug|Any CPU.Build.0 = Debug|Any CPU
		{4A85CF4F-94F3-4C86-A0C4-A06E1C552E85}.Release|Any CPU.ActiveCfg = Release|Any CPU
		{4A85CF4F-94F3-4C86-A0C4-A06E1C552E85}.Release|Any CPU.Build.0 = Release|Any CPU
	EndGlobalSection
	GlobalSection(SolutionProperties) = preSolution
		HideSolutionNode = FALSE
	EndGlobalSection
	GlobalSection(ExtensibilityGlobals) = postSolution
		SolutionGuid = {06A1A668-3784-4AD4-9033-9AEC95329C6C}
	EndGlobalSection
EndGlobal
