
Microsoft Visual Studio Solution File, Format Version 12.00
# Visual Studio Version 16
VisualStudioVersion = 16.0.30413.136
MinimumVisualStudioVersion = 10.0.40219.1
Project("{FAE04EC0-301F-11D3-BF4B-00C04F79EFBC}") = "01.Valid_Usernames", "ConsoleApp1\01.Valid_Usernames.csproj", "{9B6B3EBE-AC14-45BB-A3A7-81779C511B00}"
EndProject
Project("{FAE04EC0-301F-11D3-BF4B-00C04F79EFBC}") = "02.Character_Multiplier", "02.Character_Multiplier\02.Character_Multiplier.csproj", "{D5453199-D74D-4FAA-B07D-CA97280E99CB}"
EndProject
Project("{FAE04EC0-301F-11D3-BF4B-00C04F79EFBC}") = "03.Extract_File", "03.Extract_File\03.Extract_File.csproj", "{2355EF28-5800-43FF-BE5E-BE6306D21C6C}"
EndProject
Project("{FAE04EC0-301F-11D3-BF4B-00C04F79EFBC}") = "04.Caesar_Cipher", "04.Caesar_Cypher\04.Caesar_Cipher.csproj", "{4D4CD6BB-37F7-4D3A-AE7B-BD09555061ED}"
EndProject
Project("{FAE04EC0-301F-11D3-BF4B-00C04F79EFBC}") = "05.Multiply_Big_Number", "05.Multiply_Big_Number\05.Multiply_Big_Number.csproj", "{E9012C3F-0BE4-4A86-BC58-8F02C2335EDE}"
EndProject
Project("{FAE04EC0-301F-11D3-BF4B-00C04F79EFBC}") = "06.Replace_Repeating_Chars", "06.Replace_Repeating_Chars\06.Replace_Repeating_Chars.csproj", "{233FC724-17CA-46B6-8D99-56B1294C108F}"
EndProject
Global
	GlobalSection(SolutionConfigurationPlatforms) = preSolution
		Debug|Any CPU = Debug|Any CPU
		Release|Any CPU = Release|Any CPU
	EndGlobalSection
	GlobalSection(ProjectConfigurationPlatforms) = postSolution
		{9B6B3EBE-AC14-45BB-A3A7-81779C511B00}.Debug|Any CPU.ActiveCfg = Debug|Any CPU
		{9B6B3EBE-AC14-45BB-A3A7-81779C511B00}.Debug|Any CPU.Build.0 = Debug|Any CPU
		{9B6B3EBE-AC14-45BB-A3A7-81779C511B00}.Release|Any CPU.ActiveCfg = Release|Any CPU
		{9B6B3EBE-AC14-45BB-A3A7-81779C511B00}.Release|Any CPU.Build.0 = Release|Any CPU
		{D5453199-D74D-4FAA-B07D-CA97280E99CB}.Debug|Any CPU.ActiveCfg = Debug|Any CPU
		{D5453199-D74D-4FAA-B07D-CA97280E99CB}.Debug|Any CPU.Build.0 = Debug|Any CPU
		{D5453199-D74D-4FAA-B07D-CA97280E99CB}.Release|Any CPU.ActiveCfg = Release|Any CPU
		{D5453199-D74D-4FAA-B07D-CA97280E99CB}.Release|Any CPU.Build.0 = Release|Any CPU
		{2355EF28-5800-43FF-BE5E-BE6306D21C6C}.Debug|Any CPU.ActiveCfg = Debug|Any CPU
		{2355EF28-5800-43FF-BE5E-BE6306D21C6C}.Debug|Any CPU.Build.0 = Debug|Any CPU
		{2355EF28-5800-43FF-BE5E-BE6306D21C6C}.Release|Any CPU.ActiveCfg = Release|Any CPU
		{2355EF28-5800-43FF-BE5E-BE6306D21C6C}.Release|Any CPU.Build.0 = Release|Any CPU
		{4D4CD6BB-37F7-4D3A-AE7B-BD09555061ED}.Debug|Any CPU.ActiveCfg = Debug|Any CPU
		{4D4CD6BB-37F7-4D3A-AE7B-BD09555061ED}.Debug|Any CPU.Build.0 = Debug|Any CPU
		{4D4CD6BB-37F7-4D3A-AE7B-BD09555061ED}.Release|Any CPU.ActiveCfg = Release|Any CPU
		{4D4CD6BB-37F7-4D3A-AE7B-BD09555061ED}.Release|Any CPU.Build.0 = Release|Any CPU
		{E9012C3F-0BE4-4A86-BC58-8F02C2335EDE}.Debug|Any CPU.ActiveCfg = Debug|Any CPU
		{E9012C3F-0BE4-4A86-BC58-8F02C2335EDE}.Debug|Any CPU.Build.0 = Debug|Any CPU
		{E9012C3F-0BE4-4A86-BC58-8F02C2335EDE}.Release|Any CPU.ActiveCfg = Release|Any CPU
		{E9012C3F-0BE4-4A86-BC58-8F02C2335EDE}.Release|Any CPU.Build.0 = Release|Any CPU
		{233FC724-17CA-46B6-8D99-56B1294C108F}.Debug|Any CPU.ActiveCfg = Debug|Any CPU
		{233FC724-17CA-46B6-8D99-56B1294C108F}.Debug|Any CPU.Build.0 = Debug|Any CPU
		{233FC724-17CA-46B6-8D99-56B1294C108F}.Release|Any CPU.ActiveCfg = Release|Any CPU
		{233FC724-17CA-46B6-8D99-56B1294C108F}.Release|Any CPU.Build.0 = Release|Any CPU
	EndGlobalSection
	GlobalSection(SolutionProperties) = preSolution
		HideSolutionNode = FALSE
	EndGlobalSection
	GlobalSection(ExtensibilityGlobals) = postSolution
		SolutionGuid = {96486554-F4F4-45AE-9A7F-D7FCD015B30C}
	EndGlobalSection
EndGlobal
