
Microsoft Visual Studio Solution File, Format Version 12.00
# Visual Studio Version 16
VisualStudioVersion = 16.0.30413.136
MinimumVisualStudioVersion = 10.0.40219.1
Project("{FAE04EC0-301F-11D3-BF4B-00C04F79EFBC}") = "01.Ages", "01.Ages\01.Ages.csproj", "{006CFE5C-1F2A-4A03-A923-8FBFADC6252F}"
EndProject
Project("{FAE04EC0-301F-11D3-BF4B-00C04F79EFBC}") = "02.Division", "2.Division\02.Division.csproj", "{56C50FE0-60BD-4F72-8197-FC9DD60E6575}"
EndProject
Project("{FAE04EC0-301F-11D3-BF4B-00C04F79EFBC}") = "03.Vacation", "3.Vacation\03.Vacation.csproj", "{E69DC087-4A8B-45DE-88EA-E5FADAD498C4}"
EndProject
Project("{FAE04EC0-301F-11D3-BF4B-00C04F79EFBC}") = "04.Print_And_Sum", "4.Print_And_Sum\04.Print_And_Sum.csproj", "{1AC24FEF-8888-408B-8D6F-78ED5E5B752C}"
EndProject
Project("{FAE04EC0-301F-11D3-BF4B-00C04F79EFBC}") = "05.Login", "5.Login\05.Login.csproj", "{4417B1C1-691C-422C-BBDE-73B1283405F2}"
EndProject
Project("{FAE04EC0-301F-11D3-BF4B-00C04F79EFBC}") = "06.Strong_Number", "6.Strong_Number\06.Strong_Number.csproj", "{B355857E-F441-47AB-A9BB-ABFC7365CB46}"
EndProject
Project("{FAE04EC0-301F-11D3-BF4B-00C04F79EFBC}") = "07.Vending_Machine", "7.Vending_Machine\07.Vending_Machine.csproj", "{BB5DBB62-8402-49EF-8D92-8CD39FA1DF3A}"
EndProject
Project("{FAE04EC0-301F-11D3-BF4B-00C04F79EFBC}") = "08.Triangle_Of_Numbers", "8.Triangle_Of_Numbers\08.Triangle_Of_Numbers.csproj", "{23C1C87F-6185-4D5F-A0D8-E3BEFC95EC00}"
EndProject
Project("{FAE04EC0-301F-11D3-BF4B-00C04F79EFBC}") = "09.Padawan_Equipment", "9.Padawan_Equipment\09.Padawan_Equipment.csproj", "{D2F42C86-CA2D-406E-9A4C-26E994A20E69}"
EndProject
Project("{FAE04EC0-301F-11D3-BF4B-00C04F79EFBC}") = "10.Rage_Expenses", "10.Rage_Expenses\10.Rage_Expenses.csproj", "{05284552-00D2-483C-BBBB-CBACA21F8F4E}"
EndProject
Project("{FAE04EC0-301F-11D3-BF4B-00C04F79EFBC}") = "More_01.Sort_Numbers", "More_1.Sort_Numbers\More_01.Sort_Numbers.csproj", "{6ECAC465-04D9-4184-85E3-9393C8C509E0}"
EndProject
Project("{FAE04EC0-301F-11D3-BF4B-00C04F79EFBC}") = "More_02.English_Name_Of_Last_Digit", "More_02.English_Name_Of_Last_Digit\More_02.English_Name_Of_Last_Digit.csproj", "{3751181F-9F78-4A9A-AD29-12A4D91D1776}"
EndProject
Project("{FAE04EC0-301F-11D3-BF4B-00C04F79EFBC}") = "More_03.Gaming_Store", "More_03.Gaming_Store\More_03.Gaming_Store.csproj", "{8334663A-1266-4FF3-A6C2-684D4BB184B0}"
EndProject
Project("{FAE04EC0-301F-11D3-BF4B-00C04F79EFBC}") = "More_04.Reverse_String", "More_04.Reverse_String\More_04.Reverse_String.csproj", "{7DAE7A85-3DDF-4E5F-AFF1-602ADADB03A0}"
EndProject
Project("{FAE04EC0-301F-11D3-BF4B-00C04F79EFBC}") = "More_05.Messages", "More_05.Messages\More_05.Messages.csproj", "{E76A7C1E-F51E-4A73-906A-9709340BAF6C}"
EndProject
Global
	GlobalSection(SolutionConfigurationPlatforms) = preSolution
		Debug|Any CPU = Debug|Any CPU
		Release|Any CPU = Release|Any CPU
	EndGlobalSection
	GlobalSection(ProjectConfigurationPlatforms) = postSolution
		{006CFE5C-1F2A-4A03-A923-8FBFADC6252F}.Debug|Any CPU.ActiveCfg = Debug|Any CPU
		{006CFE5C-1F2A-4A03-A923-8FBFADC6252F}.Debug|Any CPU.Build.0 = Debug|Any CPU
		{006CFE5C-1F2A-4A03-A923-8FBFADC6252F}.Release|Any CPU.ActiveCfg = Release|Any CPU
		{006CFE5C-1F2A-4A03-A923-8FBFADC6252F}.Release|Any CPU.Build.0 = Release|Any CPU
		{56C50FE0-60BD-4F72-8197-FC9DD60E6575}.Debug|Any CPU.ActiveCfg = Debug|Any CPU
		{56C50FE0-60BD-4F72-8197-FC9DD60E6575}.Debug|Any CPU.Build.0 = Debug|Any CPU
		{56C50FE0-60BD-4F72-8197-FC9DD60E6575}.Release|Any CPU.ActiveCfg = Release|Any CPU
		{56C50FE0-60BD-4F72-8197-FC9DD60E6575}.Release|Any CPU.Build.0 = Release|Any CPU
		{E69DC087-4A8B-45DE-88EA-E5FADAD498C4}.Debug|Any CPU.ActiveCfg = Debug|Any CPU
		{E69DC087-4A8B-45DE-88EA-E5FADAD498C4}.Debug|Any CPU.Build.0 = Debug|Any CPU
		{E69DC087-4A8B-45DE-88EA-E5FADAD498C4}.Release|Any CPU.ActiveCfg = Release|Any CPU
		{E69DC087-4A8B-45DE-88EA-E5FADAD498C4}.Release|Any CPU.Build.0 = Release|Any CPU
		{1AC24FEF-8888-408B-8D6F-78ED5E5B752C}.Debug|Any CPU.ActiveCfg = Debug|Any CPU
		{1AC24FEF-8888-408B-8D6F-78ED5E5B752C}.Debug|Any CPU.Build.0 = Debug|Any CPU
		{1AC24FEF-8888-408B-8D6F-78ED5E5B752C}.Release|Any CPU.ActiveCfg = Release|Any CPU
		{1AC24FEF-8888-408B-8D6F-78ED5E5B752C}.Release|Any CPU.Build.0 = Release|Any CPU
		{4417B1C1-691C-422C-BBDE-73B1283405F2}.Debug|Any CPU.ActiveCfg = Debug|Any CPU
		{4417B1C1-691C-422C-BBDE-73B1283405F2}.Debug|Any CPU.Build.0 = Debug|Any CPU
		{4417B1C1-691C-422C-BBDE-73B1283405F2}.Release|Any CPU.ActiveCfg = Release|Any CPU
		{4417B1C1-691C-422C-BBDE-73B1283405F2}.Release|Any CPU.Build.0 = Release|Any CPU
		{B355857E-F441-47AB-A9BB-ABFC7365CB46}.Debug|Any CPU.ActiveCfg = Debug|Any CPU
		{B355857E-F441-47AB-A9BB-ABFC7365CB46}.Debug|Any CPU.Build.0 = Debug|Any CPU
		{B355857E-F441-47AB-A9BB-ABFC7365CB46}.Release|Any CPU.ActiveCfg = Release|Any CPU
		{B355857E-F441-47AB-A9BB-ABFC7365CB46}.Release|Any CPU.Build.0 = Release|Any CPU
		{BB5DBB62-8402-49EF-8D92-8CD39FA1DF3A}.Debug|Any CPU.ActiveCfg = Debug|Any CPU
		{BB5DBB62-8402-49EF-8D92-8CD39FA1DF3A}.Debug|Any CPU.Build.0 = Debug|Any CPU
		{BB5DBB62-8402-49EF-8D92-8CD39FA1DF3A}.Release|Any CPU.ActiveCfg = Release|Any CPU
		{BB5DBB62-8402-49EF-8D92-8CD39FA1DF3A}.Release|Any CPU.Build.0 = Release|Any CPU
		{23C1C87F-6185-4D5F-A0D8-E3BEFC95EC00}.Debug|Any CPU.ActiveCfg = Debug|Any CPU
		{23C1C87F-6185-4D5F-A0D8-E3BEFC95EC00}.Debug|Any CPU.Build.0 = Debug|Any CPU
		{23C1C87F-6185-4D5F-A0D8-E3BEFC95EC00}.Release|Any CPU.ActiveCfg = Release|Any CPU
		{23C1C87F-6185-4D5F-A0D8-E3BEFC95EC00}.Release|Any CPU.Build.0 = Release|Any CPU
		{D2F42C86-CA2D-406E-9A4C-26E994A20E69}.Debug|Any CPU.ActiveCfg = Debug|Any CPU
		{D2F42C86-CA2D-406E-9A4C-26E994A20E69}.Debug|Any CPU.Build.0 = Debug|Any CPU
		{D2F42C86-CA2D-406E-9A4C-26E994A20E69}.Release|Any CPU.ActiveCfg = Release|Any CPU
		{D2F42C86-CA2D-406E-9A4C-26E994A20E69}.Release|Any CPU.Build.0 = Release|Any CPU
		{05284552-00D2-483C-BBBB-CBACA21F8F4E}.Debug|Any CPU.ActiveCfg = Debug|Any CPU
		{05284552-00D2-483C-BBBB-CBACA21F8F4E}.Debug|Any CPU.Build.0 = Debug|Any CPU
		{05284552-00D2-483C-BBBB-CBACA21F8F4E}.Release|Any CPU.ActiveCfg = Release|Any CPU
		{05284552-00D2-483C-BBBB-CBACA21F8F4E}.Release|Any CPU.Build.0 = Release|Any CPU
		{6ECAC465-04D9-4184-85E3-9393C8C509E0}.Debug|Any CPU.ActiveCfg = Debug|Any CPU
		{6ECAC465-04D9-4184-85E3-9393C8C509E0}.Debug|Any CPU.Build.0 = Debug|Any CPU
		{6ECAC465-04D9-4184-85E3-9393C8C509E0}.Release|Any CPU.ActiveCfg = Release|Any CPU
		{6ECAC465-04D9-4184-85E3-9393C8C509E0}.Release|Any CPU.Build.0 = Release|Any CPU
		{3751181F-9F78-4A9A-AD29-12A4D91D1776}.Debug|Any CPU.ActiveCfg = Debug|Any CPU
		{3751181F-9F78-4A9A-AD29-12A4D91D1776}.Debug|Any CPU.Build.0 = Debug|Any CPU
		{3751181F-9F78-4A9A-AD29-12A4D91D1776}.Release|Any CPU.ActiveCfg = Release|Any CPU
		{3751181F-9F78-4A9A-AD29-12A4D91D1776}.Release|Any CPU.Build.0 = Release|Any CPU
		{8334663A-1266-4FF3-A6C2-684D4BB184B0}.Debug|Any CPU.ActiveCfg = Debug|Any CPU
		{8334663A-1266-4FF3-A6C2-684D4BB184B0}.Debug|Any CPU.Build.0 = Debug|Any CPU
		{8334663A-1266-4FF3-A6C2-684D4BB184B0}.Release|Any CPU.ActiveCfg = Release|Any CPU
		{8334663A-1266-4FF3-A6C2-684D4BB184B0}.Release|Any CPU.Build.0 = Release|Any CPU
		{7DAE7A85-3DDF-4E5F-AFF1-602ADADB03A0}.Debug|Any CPU.ActiveCfg = Debug|Any CPU
		{7DAE7A85-3DDF-4E5F-AFF1-602ADADB03A0}.Debug|Any CPU.Build.0 = Debug|Any CPU
		{7DAE7A85-3DDF-4E5F-AFF1-602ADADB03A0}.Release|Any CPU.ActiveCfg = Release|Any CPU
		{7DAE7A85-3DDF-4E5F-AFF1-602ADADB03A0}.Release|Any CPU.Build.0 = Release|Any CPU
		{E76A7C1E-F51E-4A73-906A-9709340BAF6C}.Debug|Any CPU.ActiveCfg = Debug|Any CPU
		{E76A7C1E-F51E-4A73-906A-9709340BAF6C}.Debug|Any CPU.Build.0 = Debug|Any CPU
		{E76A7C1E-F51E-4A73-906A-9709340BAF6C}.Release|Any CPU.ActiveCfg = Release|Any CPU
		{E76A7C1E-F51E-4A73-906A-9709340BAF6C}.Release|Any CPU.Build.0 = Release|Any CPU
	EndGlobalSection
	GlobalSection(SolutionProperties) = preSolution
		HideSolutionNode = FALSE
	EndGlobalSection
	GlobalSection(ExtensibilityGlobals) = postSolution
		SolutionGuid = {1FAEBEE2-4986-4DA3-9E1F-29ADA033FD4D}
	EndGlobalSection
EndGlobal
